
Microsoft Visual Studio Solution File, Format Version 12.00
# Visual Studio Version 17
VisualStudioVersion = 17.10.35004.147
MinimumVisualStudioVersion = 10.0.40219.1
Project("{FAE04EC0-301F-11D3-BF4B-00C04F79EFBC}") = "Launcher", "SOURCE\Launcher.csproj", "{92B0827B-684F-4A2D-B164-BA80CE354A9D}"
EndProject
Global
	GlobalSection(SolutionConfigurationPlatforms) = preSolution
		Debug Empty|Any CPU = Debug Empty|Any CPU
		Debug Local|Any CPU = Debug Local|Any CPU
		Release Ext|Any CPU = Release Ext|Any CPU
		Release Local|Any CPU = Release Local|Any CPU
	EndGlobalSection
	GlobalSection(ProjectConfigurationPlatforms) = postSolution
		{92B0827B-684F-4A2D-B164-BA80CE354A9D}.Debug Empty|Any CPU.ActiveCfg = Debug Empty|Any CPU
		{92B0827B-684F-4A2D-B164-BA80CE354A9D}.Debug Empty|Any CPU.Build.0 = Debug Empty|Any CPU
		{92B0827B-684F-4A2D-B164-BA80CE354A9D}.Debug Local|Any CPU.ActiveCfg = Debug|Any CPU
		{92B0827B-684F-4A2D-B164-BA80CE354A9D}.Debug Local|Any CPU.Build.0 = Debug|Any CPU
		{92B0827B-684F-4A2D-B164-BA80CE354A9D}.Release Ext|Any CPU.ActiveCfg = Release Ext|Any CPU
		{92B0827B-684F-4A2D-B164-BA80CE354A9D}.Release Ext|Any CPU.Build.0 = Release Ext|Any CPU
		{92B0827B-684F-4A2D-B164-BA80CE354A9D}.Release Local|Any CPU.ActiveCfg = Release|Any CPU
		{92B0827B-684F-4A2D-B164-BA80CE354A9D}.Release Local|Any CPU.Build.0 = Release|Any CPU
	EndGlobalSection
	GlobalSection(SolutionProperties) = preSolution
		HideSolutionNode = FALSE
	EndGlobalSection
	GlobalSection(ExtensibilityGlobals) = postSolution
		SolutionGuid = {82F8E0A6-5478-4EE5-BF6B-D6482B98ACB2}
	EndGlobalSection
EndGlobal
